// !$*UTF8*$!
{
	archiveVersion = 1;
	classes = {
	};
	objectVersion = 46;
	objects = {

/* Begin PBXBuildFile section */
		A02A799C1904E6BB00C440EC /* Foundation.framework in Frameworks */ = {isa = PBXBuildFile; fileRef = A02A799B1904E6BB00C440EC /* Foundation.framework */; };
		A02A799E1904E6BB00C440EC /* CoreGraphics.framework in Frameworks */ = {isa = PBXBuildFile; fileRef = A02A799D1904E6BB00C440EC /* CoreGraphics.framework */; };
		A02A79A01904E6BB00C440EC /* UIKit.framework in Frameworks */ = {isa = PBXBuildFile; fileRef = A02A799F1904E6BB00C440EC /* UIKit.framework */; };
		A02A79A61904E6BB00C440EC /* InfoPlist.strings in Resources */ = {isa = PBXBuildFile; fileRef = A02A79A41904E6BB00C440EC /* InfoPlist.strings */; };
		A02A79A81904E6BB00C440EC /* main.m in Sources */ = {isa = PBXBuildFile; fileRef = A02A79A71904E6BB00C440EC /* main.m */; };
		A02A79AC1904E6BB00C440EC /* SlideViewControllerAppDelegate.m in Sources */ = {isa = PBXBuildFile; fileRef = A02A79AB1904E6BB00C440EC /* SlideViewControllerAppDelegate.m */; };
		A02A79AF1904E6BB00C440EC /* Main.storyboard in Resources */ = {isa = PBXBuildFile; fileRef = A02A79AD1904E6BB00C440EC /* Main.storyboard */; };
		A02A79B21904E6BB00C440EC /* SlideViewControllerViewController.m in Sources */ = {isa = PBXBuildFile; fileRef = A02A79B11904E6BB00C440EC /* SlideViewControllerViewController.m */; };
		A02A79B41904E6BB00C440EC /* Images.xcassets in Resources */ = {isa = PBXBuildFile; fileRef = A02A79B31904E6BB00C440EC /* Images.xcassets */; };
		A02A79BB1904E6BB00C440EC /* XCTest.framework in Frameworks */ = {isa = PBXBuildFile; fileRef = A02A79BA1904E6BB00C440EC /* XCTest.framework */; };
		A02A79BC1904E6BB00C440EC /* Foundation.framework in Frameworks */ = {isa = PBXBuildFile; fileRef = A02A799B1904E6BB00C440EC /* Foundation.framework */; };
		A02A79BD1904E6BB00C440EC /* UIKit.framework in Frameworks */ = {isa = PBXBuildFile; fileRef = A02A799F1904E6BB00C440EC /* UIKit.framework */; };
		A02A79C51904E6BB00C440EC /* InfoPlist.strings in Resources */ = {isa = PBXBuildFile; fileRef = A02A79C31904E6BB00C440EC /* InfoPlist.strings */; };
		A02A79C71904E6BB00C440EC /* SlideViewControllerTests.m in Sources */ = {isa = PBXBuildFile; fileRef = A02A79C61904E6BB00C440EC /* SlideViewControllerTests.m */; };
/* End PBXBuildFile section */

/* Begin PBXContainerItemProxy section */
		A02A79BE1904E6BB00C440EC /* PBXContainerItemProxy */ = {
			isa = PBXContainerItemProxy;
			containerPortal = A02A79901904E6BB00C440EC /* Project object */;
			proxyType = 1;
			remoteGlobalIDString = A02A79971904E6BB00C440EC;
			remoteInfo = SlideViewController;
		};
/* End PBXContainerItemProxy section */

/* Begin PBXFileReference section */
		A02A79981904E6BB00C440EC /* SlideViewController.app */ = {isa = PBXFileReference; explicitFileType = wrapper.application; includeInIndex = 0; path = SlideViewController.app; sourceTree = BUILT_PRODUCTS_DIR; };
		A02A799B1904E6BB00C440EC /* Foundation.framework */ = {isa = PBXFileReference; lastKnownFileType = wrapper.framework; name = Foundation.framework; path = System/Library/Frameworks/Foundation.framework; sourceTree = SDKROOT; };
		A02A799D1904E6BB00C440EC /* CoreGraphics.framework */ = {isa = PBXFileReference; lastKnownFileType = wrapper.framework; name = CoreGraphics.framework; path = System/Library/Frameworks/CoreGraphics.framework; sourceTree = SDKROOT; };
		A02A799F1904E6BB00C440EC /* UIKit.framework */ = {isa = PBXFileReference; lastKnownFileType = wrapper.framework; name = UIKit.framework; path = System/Library/Frameworks/UIKit.framework; sourceTree = SDKROOT; };
		A02A79A31904E6BB00C440EC /* SlideViewController-Info.plist */ = {isa = PBXFileReference; lastKnownFileType = text.plist.xml; path = "SlideViewController-Info.plist"; sourceTree = "<group>"; };
		A02A79A51904E6BB00C440EC /* en */ = {isa = PBXFileReference; lastKnownFileType = text.plist.strings; name = en; path = en.lproj/InfoPlist.strings; sourceTree = "<group>"; };
		A02A79A71904E6BB00C440EC /* main.m */ = {isa = PBXFileReference; lastKnownFileType = sourcecode.c.objc; path = main.m; sourceTree = "<group>"; };
		A02A79A91904E6BB00C440EC /* SlideViewController-Prefix.pch */ = {isa = PBXFileReference; lastKnownFileType = sourcecode.c.h; path = "SlideViewController-Prefix.pch"; sourceTree = "<group>"; };
		A02A79AA1904E6BB00C440EC /* SlideViewControllerAppDelegate.h */ = {isa = PBXFileReference; lastKnownFileType = sourcecode.c.h; path = SlideViewControllerAppDelegate.h; sourceTree = "<group>"; };
		A02A79AB1904E6BB00C440EC /* SlideViewControllerAppDelegate.m */ = {isa = PBXFileReference; lastKnownFileType = sourcecode.c.objc; path = SlideViewControllerAppDelegate.m; sourceTree = "<group>"; };
		A02A79AE1904E6BB00C440EC /* Base */ = {isa = PBXFileReference; lastKnownFileType = file.storyboard; name = Base; path = Base.lproj/Main.storyboard; sourceTree = "<group>"; };
		A02A79B01904E6BB00C440EC /* SlideViewControllerViewController.h */ = {isa = PBXFileReference; lastKnownFileType = sourcecode.c.h; path = SlideViewControllerViewController.h; sourceTree = "<group>"; };
		A02A79B11904E6BB00C440EC /* SlideViewControllerViewController.m */ = {isa = PBXFileReference; lastKnownFileType = sourcecode.c.objc; path = SlideViewControllerViewController.m; sourceTree = "<group>"; };
		A02A79B31904E6BB00C440EC /* Images.xcassets */ = {isa = PBXFileReference; lastKnownFileType = folder.assetcatalog; path = Images.xcassets; sourceTree = "<group>"; };
		A02A79B91904E6BB00C440EC /* SlideViewControllerTests.xctest */ = {isa = PBXFileReference; explicitFileType = wrapper.cfbundle; includeInIndex = 0; path = SlideViewControllerTests.xctest; sourceTree = BUILT_PRODUCTS_DIR; };
		A02A79BA1904E6BB00C440EC /* XCTest.framework */ = {isa = PBXFileReference; lastKnownFileType = wrapper.framework; name = XCTest.framework; path = Library/Frameworks/XCTest.framework; sourceTree = DEVELOPER_DIR; };
		A02A79C21904E6BB00C440EC /* SlideViewControllerTests-Info.plist */ = {isa = PBXFileReference; lastKnownFileType = text.plist.xml; path = "SlideViewControllerTests-Info.plist"; sourceTree = "<group>"; };
		A02A79C41904E6BB00C440EC /* en */ = {isa = PBXFileReference; lastKnownFileType = text.plist.strings; name = en; path = en.lproj/InfoPlist.strings; sourceTree = "<group>"; };
		A02A79C61904E6BB00C440EC /* SlideViewControllerTests.m */ = {isa = PBXFileReference; lastKnownFileType = sourcecode.c.objc; path = SlideViewControllerTests.m; sourceTree = "<group>"; };
/* End PBXFileReference section */

/* Begin PBXFrameworksBuildPhase section */
		A02A79951904E6BB00C440EC /* Frameworks */ = {
			isa = PBXFrameworksBuildPhase;
			buildActionMask = 2147483647;
			files = (
				A02A799E1904E6BB00C440EC /* CoreGraphics.framework in Frameworks */,
				A02A79A01904E6BB00C440EC /* UIKit.framework in Frameworks */,
				A02A799C1904E6BB00C440EC /* Foundation.framework in Frameworks */,
			);
			runOnlyForDeploymentPostprocessing = 0;
		};
		A02A79B61904E6BB00C440EC /* Frameworks */ = {
			isa = PBXFrameworksBuildPhase;
			buildActionMask = 2147483647;
			files = (
				A02A79BB1904E6BB00C440EC /* XCTest.framework in Frameworks */,
				A02A79BD1904E6BB00C440EC /* UIKit.framework in Frameworks */,
				A02A79BC1904E6BB00C440EC /* Foundation.framework in Frameworks */,
			);
			runOnlyForDeploymentPostprocessing = 0;
		};
/* End PBXFrameworksBuildPhase section */

/* Begin PBXGroup section */
		A02A798F1904E6BB00C440EC = {
			isa = PBXGroup;
			children = (
				A02A79A11904E6BB00C440EC /* SlideViewController */,
				A02A79C01904E6BB00C440EC /* SlideViewControllerTests */,
				A02A799A1904E6BB00C440EC /* Frameworks */,
				A02A79991904E6BB00C440EC /* Products */,
			);
			sourceTree = "<group>";
		};
		A02A79991904E6BB00C440EC /* Products */ = {
			isa = PBXGroup;
			children = (
				A02A79981904E6BB00C440EC /* SlideViewController.app */,
				A02A79B91904E6BB00C440EC /* SlideViewControllerTests.xctest */,
			);
			name = Products;
			sourceTree = "<group>";
		};
		A02A799A1904E6BB00C440EC /* Frameworks */ = {
			isa = PBXGroup;
			children = (
				A02A799B1904E6BB00C440EC /* Foundation.framework */,
				A02A799D1904E6BB00C440EC /* CoreGraphics.framework */,
				A02A799F1904E6BB00C440EC /* UIKit.framework */,
				A02A79BA1904E6BB00C440EC /* XCTest.framework */,
			);
			name = Frameworks;
			sourceTree = "<group>";
		};
		A02A79A11904E6BB00C440EC /* SlideViewController */ = {
			isa = PBXGroup;
			children = (
				A02A79AA1904E6BB00C440EC /* SlideViewControllerAppDelegate.h */,
				A02A79AB1904E6BB00C440EC /* SlideViewControllerAppDelegate.m */,
				A02A79AD1904E6BB00C440EC /* Main.storyboard */,
				A02A79B01904E6BB00C440EC /* SlideViewControllerViewController.h */,
				A02A79B11904E6BB00C440EC /* SlideViewControllerViewController.m */,
				A02A79B31904E6BB00C440EC /* Images.xcassets */,
				A02A79A21904E6BB00C440EC /* Supporting Files */,
			);
			path = SlideViewController;
			sourceTree = "<group>";
		};
		A02A79A21904E6BB00C440EC /* Supporting Files */ = {
			isa = PBXGroup;
			children = (
				A02A79A31904E6BB00C440EC /* SlideViewController-Info.plist */,
				A02A79A41904E6BB00C440EC /* InfoPlist.strings */,
				A02A79A71904E6BB00C440EC /* main.m */,
				A02A79A91904E6BB00C440EC /* SlideViewController-Prefix.pch */,
			);
			name = "Supporting Files";
			sourceTree = "<group>";
		};
		A02A79C01904E6BB00C440EC /* SlideViewControllerTests */ = {
			isa = PBXGroup;
			children = (
				A02A79C61904E6BB00C440EC /* SlideViewControllerTests.m */,
				A02A79C11904E6BB00C440EC /* Supporting Files */,
			);
			path = SlideViewControllerTests;
			sourceTree = "<group>";
		};
		A02A79C11904E6BB00C440EC /* Supporting Files */ = {
			isa = PBXGroup;
			children = (
				A02A79C21904E6BB00C440EC /* SlideViewControllerTests-Info.plist */,
				A02A79C31904E6BB00C440EC /* InfoPlist.strings */,
			);
			name = "Supporting Files";
			sourceTree = "<group>";
		};
/* End PBXGroup section */

/* Begin PBXNativeTarget section */
		A02A79971904E6BB00C440EC /* SlideViewController */ = {
			isa = PBXNativeTarget;
			buildConfigurationList = A02A79CA1904E6BB00C440EC /* Build configuration list for PBXNativeTarget "SlideViewController" */;
			buildPhases = (
				A02A79941904E6BB00C440EC /* Sources */,
				A02A79951904E6BB00C440EC /* Frameworks */,
				A02A79961904E6BB00C440EC /* Resources */,
			);
			buildRules = (
			);
			dependencies = (
			);
			name = SlideViewController;
			productName = SlideViewController;
			productReference = A02A79981904E6BB00C440EC /* SlideViewController.app */;
			productType = "com.apple.product-type.application";
		};
		A02A79B81904E6BB00C440EC /* SlideViewControllerTests */ = {
			isa = PBXNativeTarget;
			buildConfigurationList = A02A79CD1904E6BB00C440EC /* Build configuration list for PBXNativeTarget "SlideViewControllerTests" */;
			buildPhases = (
				A02A79B51904E6BB00C440EC /* Sources */,
				A02A79B61904E6BB00C440EC /* Frameworks */,
				A02A79B71904E6BB00C440EC /* Resources */,
			);
			buildRules = (
			);
			dependencies = (
				A02A79BF1904E6BB00C440EC /* PBXTargetDependency */,
			);
			name = SlideViewControllerTests;
			productName = SlideViewControllerTests;
			productReference = A02A79B91904E6BB00C440EC /* SlideViewControllerTests.xctest */;
			productType = "com.apple.product-type.bundle.unit-test";
		};
/* End PBXNativeTarget section */

/* Begin PBXProject section */
		A02A79901904E6BB00C440EC /* Project object */ = {
			isa = PBXProject;
			attributes = {
				CLASSPREFIX = SlideViewController;
				LastUpgradeCheck = 0510;
				ORGANIZATIONNAME = fmj;
				TargetAttributes = {
					A02A79B81904E6BB00C440EC = {
						TestTargetID = A02A79971904E6BB00C440EC;
					};
				};
			};
			buildConfigurationList = A02A79931904E6BB00C440EC /* Build configuration list for PBXProject "SlideViewController" */;
			compatibilityVersion = "Xcode 3.2";
			developmentRegion = English;
			hasScannedForEncodings = 0;
			knownRegions = (
				en,
				Base,
			);
			mainGroup = A02A798F1904E6BB00C440EC;
			productRefGroup = A02A79991904E6BB00C440EC /* Products */;
			projectDirPath = "";
			projectRoot = "";
			targets = (
				A02A79971904E6BB00C440EC /* SlideViewController */,
				A02A79B81904E6BB00C440EC /* SlideViewControllerTests */,
			);
		};
/* End PBXProject section */

/* Begin PBXResourcesBuildPhase section */
		A02A79961904E6BB00C440EC /* Resources */ = {
			isa = PBXResourcesBuildPhase;
			buildActionMask = 2147483647;
			files = (
				A02A79B41904E6BB00C440EC /* Images.xcassets in Resources */,
				A02A79A61904E6BB00C440EC /* InfoPlist.strings in Resources */,
				A02A79AF1904E6BB00C440EC /* Main.storyboard in Resources */,
			);
			runOnlyForDeploymentPostprocessing = 0;
		};
		A02A79B71904E6BB00C440EC /* Resources */ = {
			isa = PBXResourcesBuildPhase;
			buildActionMask = 2147483647;
			files = (
				A02A79C51904E6BB00C440EC /* InfoPlist.strings in Resources */,
			);
			runOnlyForDeploymentPostprocessing = 0;
		};
/* End PBXResourcesBuildPhase section */

/* Begin PBXSourcesBuildPhase section */
		A02A79941904E6BB00C440EC /* Sources */ = {
			isa = PBXSourcesBuildPhase;
			buildActionMask = 2147483647;
			files = (
				A02A79B21904E6BB00C440EC /* SlideViewControllerViewController.m in Sources */,
				A02A79AC1904E6BB00C440EC /* SlideViewControllerAppDelegate.m in Sources */,
				A02A79A81904E6BB00C440EC /* main.m in Sources */,
			);
			runOnlyForDeploymentPostprocessing = 0;
		};
		A02A79B51904E6BB00C440EC /* Sources */ = {
			isa = PBXSourcesBuildPhase;
			buildActionMask = 2147483647;
			files = (
				A02A79C71904E6BB00C440EC /* SlideViewControllerTests.m in Sources */,
			);
			runOnlyForDeploymentPostprocessing = 0;
		};
/* End PBXSourcesBuildPhase section */

/* Begin PBXTargetDependency section */
		A02A79BF1904E6BB00C440EC /* PBXTargetDependency */ = {
			isa = PBXTargetDependency;
			target = A02A79971904E6BB00C440EC /* SlideViewController */;
			targetProxy = A02A79BE1904E6BB00C440EC /* PBXContainerItemProxy */;
		};
/* End PBXTargetDependency section */

/* Begin PBXVariantGroup section */
		A02A79A41904E6BB00C440EC /* InfoPlist.strings */ = {
			isa = PBXVariantGroup;
			children = (
				A02A79A51904E6BB00C440EC /* en */,
			);
			name = InfoPlist.strings;
			sourceTree = "<group>";
		};
		A02A79AD1904E6BB00C440EC /* Main.storyboard */ = {
			isa = PBXVariantGroup;
			children = (
				A02A79AE1904E6BB00C440EC /* Base */,
			);
			name = Main.storyboard;
			sourceTree = "<group>";
		};
		A02A79C31904E6BB00C440EC /* InfoPlist.strings */ = {
			isa = PBXVariantGroup;
			children = (
				A02A79C41904E6BB00C440EC /* en */,
			);
			name = InfoPlist.strings;
			sourceTree = "<group>";
		};
/* End PBXVariantGroup section */

/* Begin XCBuildConfiguration section */
		A02A79C81904E6BB00C440EC /* Debug */ = {
			isa = XCBuildConfiguration;
			buildSettings = {
				ALWAYS_SEARCH_USER_PATHS = NO;
				CLANG_CXX_LANGUAGE_STANDARD = "gnu++0x";
				CLANG_CXX_LIBRARY = "libc++";
				CLANG_ENABLE_MODULES = YES;
				CLANG_ENABLE_OBJC_ARC = YES;
				CLANG_WARN_BOOL_CONVERSION = YES;
				CLANG_WARN_CONSTANT_CONVERSION = YES;
				CLANG_WARN_DIRECT_OBJC_ISA_USAGE = YES_ERROR;
				CLANG_WARN_EMPTY_BODY = YES;
				CLANG_WARN_ENUM_CONVERSION = YES;
				CLANG_WARN_INT_CONVERSION = YES;
				CLANG_WARN_OBJC_ROOT_CLASS = YES_ERROR;
				CLANG_WARN__DUPLICATE_METHOD_MATCH = YES;
				"CODE_SIGN_IDENTITY[sdk=iphoneos*]" = "iPhone Developer";
				COPY_PHASE_STRIP = NO;
				GCC_C_LANGUAGE_STANDARD = gnu99;
				GCC_DYNAMIC_NO_PIC = NO;
				GCC_OPTIMIZATION_LEVEL = 0;
				GCC_PREPROCESSOR_DEFINITIONS = (
					"DEBUG=1",
					"$(inherited)",
				);
				GCC_SYMBOLS_PRIVATE_EXTERN = NO;
				GCC_WARN_64_TO_32_BIT_CONVERSION = YES;
				GCC_WARN_ABOUT_RETURN_TYPE = YES_ERROR;
				GCC_WARN_UNDECLARED_SELECTOR = YES;
				GCC_WARN_UNINITIALIZED_AUTOS = YES_AGGRESSIVE;
				GCC_WARN_UNUSED_FUNCTION = YES;
				GCC_WARN_UNUSED_VARIABLE = YES;
				IPHONEOS_DEPLOYMENT_TARGET = 7.1;
				ONLY_ACTIVE_ARCH = YES;
				SDKROOT = iphoneos;
			};
			name = Debug;
		};
		A02A79C91904E6BB00C440EC /* Release */ = {
			isa = XCBuildConfiguration;
			buildSettings = {
				ALWAYS_SEARCH_USER_PATHS = NO;
				CLANG_CXX_LANGUAGE_STANDARD = "gnu++0x";
				CLANG_CXX_LIBRARY = "libc++";
				CLANG_ENABLE_MODULES = YES;
				CLANG_ENABLE_OBJC_ARC = YES;
				CLANG_WARN_BOOL_CONVERSION = YES;
				CLANG_WARN_CONSTANT_CONVERSION = YES;
				CLANG_WARN_DIRECT_OBJC_ISA_USAGE = YES_ERROR;
				CLANG_WARN_EMPTY_BODY = YES;
				CLANG_WARN_ENUM_CONVERSION = YES;
				CLANG_WARN_INT_CONVERSION = YES;
				CLANG_WARN_OBJC_ROOT_CLASS = YES_ERROR;
				CLANG_WARN__DUPLICATE_METHOD_MATCH = YES;
				"CODE_SIGN_IDENTITY[sdk=iphoneos*]" = "iPhone Developer";
				COPY_PHASE_STRIP = YES;
				ENABLE_NS_ASSERTIONS = NO;
				GCC_C_LANGUAGE_STANDARD = gnu99;
				GCC_WARN_64_TO_32_BIT_CONVERSION = YES;
				GCC_WARN_ABOUT_RETURN_TYPE = YES_ERROR;
				GCC_WARN_UNDECLARED_SELECTOR = YES;
				GCC_WARN_UNINITIALIZED_AUTOS = YES_AGGRESSIVE;
				GCC_WARN_UNUSED_FUNCTION = YES;
				GCC_WARN_UNUSED_VARIABLE = YES;
				IPHONEOS_DEPLOYMENT_TARGET = 7.1;
				SDKROOT = iphoneos;
				VALIDATE_PRODUCT = YES;
			};
			name = Release;
		};
		A02A79CB1904E6BB00C440EC /* Debug */ = {
			isa = XCBuildConfiguration;
			buildSettings = {
				ASSETCATALOG_COMPILER_APPICON_NAME = AppIcon;
				ASSETCATALOG_COMPILER_LAUNCHIMAGE_NAME = LaunchImage;
				GCC_PRECOMPILE_PREFIX_HEADER = YES;
				GCC_PREFIX_HEADER = "SlideViewController/SlideViewController-Prefix.pch";
				INFOPLIST_FILE = "SlideViewController/SlideViewController-Info.plist";
				PRODUCT_NAME = "$(TARGET_NAME)";
				WRAPPER_EXTENSION = app;
			};
			name = Debug;
		};
		A02A79CC1904E6BB00C440EC /* Release */ = {
			isa = XCBuildConfiguration;
			buildSettings = {
				ASSETCATALOG_COMPILER_APPICON_NAME = AppIcon;
				ASSETCATALOG_COMPILER_LAUNCHIMAGE_NAME = LaunchImage;
				GCC_PRECOMPILE_PREFIX_HEADER = YES;
				GCC_PREFIX_HEADER = "SlideViewController/SlideViewController-Prefix.pch";
				INFOPLIST_FILE = "SlideViewController/SlideViewController-Info.plist";
				PRODUCT_NAME = "$(TARGET_NAME)";
				WRAPPER_EXTENSION = app;
			};
			name = Release;
		};
		A02A79CE1904E6BB00C440EC /* Debug */ = {
			isa = XCBuildConfiguration;
			buildSettings = {
				BUNDLE_LOADER = "$(BUILT_PRODUCTS_DIR)/SlideViewController.app/SlideViewController";
				FRAMEWORK_SEARCH_PATHS = (
					"$(SDKROOT)/Developer/Library/Frameworks",
					"$(inherited)",
					"$(DEVELOPER_FRAMEWORKS_DIR)",
				);
				GCC_PRECOMPILE_PREFIX_HEADER = YES;
				GCC_PREFIX_HEADER = "SlideViewController/SlideViewController-Prefix.pch";
				GCC_PREPROCESSOR_DEFINITIONS = (
					"DEBUG=1",
					"$(inherited)",
				);
				INFOPLIST_FILE = "SlideViewControllerTests/SlideViewControllerTests-Info.plist";
				PRODUCT_NAME = "$(TARGET_NAME)";
				TEST_HOST = "$(BUNDLE_LOADER)";
				WRAPPER_EXTENSION = xctest;
			};
			name = Debug;
		};
		A02A79CF1904E6BB00C440EC /* Release */ = {
			isa = XCBuildConfiguration;
			buildSettings = {
				BUNDLE_LOADER = "$(BUILT_PRODUCTS_DIR)/SlideViewController.app/SlideViewController";
				FRAMEWORK_SEARCH_PATHS = (
					"$(SDKROOT)/Developer/Library/Frameworks",
					"$(inherited)",
					"$(DEVELOPER_FRAMEWORKS_DIR)",
				);
				GCC_PRECOMPILE_PREFIX_HEADER = YES;
				GCC_PREFIX_HEADER = "SlideViewController/SlideViewController-Prefix.pch";
				INFOPLIST_FILE = "SlideViewControllerTests/SlideViewControllerTests-Info.plist";
				PRODUCT_NAME = "$(TARGET_NAME)";
				TEST_HOST = "$(BUNDLE_LOADER)";
				WRAPPER_EXTENSION = xctest;
			};
			name = Release;
		};
/* End XCBuildConfiguration section */

/* Begin XCConfigurationList section */
		A02A79931904E6BB00C440EC /* Build configuration list for PBXProject "SlideViewController" */ = {
			isa = XCConfigurationList;
			buildConfigurations = (
				A02A79C81904E6BB00C440EC /* Debug */,
				A02A79C91904E6BB00C440EC /* Release */,
			);
			defaultConfigurationIsVisible = 0;
			defaultConfigurationName = Release;
		};
		A02A79CA1904E6BB00C440EC /* Build configuration list for PBXNativeTarget "SlideViewController" */ = {
			isa = XCConfigurationList;
			buildConfigurations = (
				A02A79CB1904E6BB00C440EC /* Debug */,
				A02A79CC1904E6BB00C440EC /* Release */,
			);
			defaultConfigurationIsVisible = 0;
		};
		A02A79CD1904E6BB00C440EC /* Build configuration list for PBXNativeTarget "SlideViewControllerTests" */ = {
			isa = XCConfigurationList;
			buildConfigurations = (
				A02A79CE1904E6BB00C440EC /* Debug */,
				A02A79CF1904E6BB00C440EC /* Release */,
			);
			defaultConfigurationIsVisible = 0;
		};
/* End XCConfigurationList section */
	};
	rootObject = A02A79901904E6BB00C440EC /* Project object */;
}
